######################################################################
# Mercedes Package - Switch
######################################################################

#template:
#  - switch:
#      - name: ff590mr_lock
#        unique_id: ff590mr_lock
#        state: "{{ is_state('binary_sensor.ff590mr_locked', 'off') }}"
#        turn_on:
#          - action: mbapi2020.doors_lock
#            data:
#              vin: !secret mb_vin
#        turn_off:
#          - action: mbapi2020.doors_unlock
#            data:
#              vin: !secret mb_vin
#        icon: >-
#          {% if is_state('binary_sensor.ff590mr_locked', 'off') %}
#            mdi:lock
#          {% else %}
#            mdi:lock-open
#          {% endif %}

######################################################################
# Mercedes Package - Lock
######################################################################

template:
  - lock:
      - name: "ff590mr_lock_no_pin"
        unique_id: ff590mr_lock_no_pin
        state: "{{ is_state('binary_sensor.ff590mr_locked', 'off') }}"
        lock:
          - action: mbapi2020.doors_lock
            data:
              vin: !secret mb_vin
        unlock:
          - action: mbapi2020.doors_unlock
            data:
              vin: !secret mb_vin
        icon: >-
          {% if is_state('binary_sensor.ff590mr_locked', 'off') %}
            mdi:lock
          {% else %}
            mdi:lock-open
          {% endif %}
